
Microsoft Visual Studio Solution File, Format Version 12.00
# Visual Studio 15
VisualStudioVersion = 15.0.27703.2035
MinimumVisualStudioVersion = 10.0.40219.1
Project("{FAE04EC0-301F-11D3-BF4B-00C04F79EFBC}") = "XF.Hello.Android", "XF.Hello\XF.Hello.Android\XF.Hello.Android.csproj", "{5AF915FF-08B6-48B7-AAE4-57CA10CBC487}"
EndProject
Project("{FAE04EC0-301F-11D3-BF4B-00C04F79EFBC}") = "XF.Hello.iOS", "XF.Hello\XF.Hello.iOS\XF.Hello.iOS.csproj", "{C318B8B7-5E80-4248-8B00-87A8EBFBCE99}"
EndProject
Project("{FAE04EC0-301F-11D3-BF4B-00C04F79EFBC}") = "XF.Hello", "XF.Hello\XF.Hello\XF.Hello.csproj", "{D162E31C-D794-44B7-A718-C5BA2D4EB141}"
EndProject
Global
	GlobalSection(SolutionConfigurationPlatforms) = preSolution
		Ad-Hoc|Any CPU = Ad-Hoc|Any CPU
		Ad-Hoc|iPhone = Ad-Hoc|iPhone
		Ad-Hoc|iPhoneSimulator = Ad-Hoc|iPhoneSimulator
		AppStore|Any CPU = AppStore|Any CPU
		AppStore|iPhone = AppStore|iPhone
		AppStore|iPhoneSimulator = AppStore|iPhoneSimulator
		Debug|Any CPU = Debug|Any CPU
		Debug|iPhone = Debug|iPhone
		Debug|iPhoneSimulator = Debug|iPhoneSimulator
		Release|Any CPU = Release|Any CPU
		Release|iPhone = Release|iPhone
		Release|iPhoneSimulator = Release|iPhoneSimulator
	EndGlobalSection
	GlobalSection(ProjectConfigurationPlatforms) = postSolution
		{5AF915FF-08B6-48B7-AAE4-57CA10CBC487}.Ad-Hoc|Any CPU.ActiveCfg = Release|Any CPU
		{5AF915FF-08B6-48B7-AAE4-57CA10CBC487}.Ad-Hoc|Any CPU.Build.0 = Release|Any CPU
		{5AF915FF-08B6-48B7-AAE4-57CA10CBC487}.Ad-Hoc|Any CPU.Deploy.0 = Release|Any CPU
		{5AF915FF-08B6-48B7-AAE4-57CA10CBC487}.Ad-Hoc|iPhone.ActiveCfg = Release|Any CPU
		{5AF915FF-08B6-48B7-AAE4-57CA10CBC487}.Ad-Hoc|iPhone.Build.0 = Release|Any CPU
		{5AF915FF-08B6-48B7-AAE4-57CA10CBC487}.Ad-Hoc|iPhone.Deploy.0 = Release|Any CPU
		{5AF915FF-08B6-48B7-AAE4-57CA10CBC487}.Ad-Hoc|iPhoneSimulator.ActiveCfg = Release|Any CPU
		{5AF915FF-08B6-48B7-AAE4-57CA10CBC487}.Ad-Hoc|iPhoneSimulator.Build.0 = Release|Any CPU
		{5AF915FF-08B6-48B7-AAE4-57CA10CBC487}.Ad-Hoc|iPhoneSimulator.Deploy.0 = Release|Any CPU
		{5AF915FF-08B6-48B7-AAE4-57CA10CBC487}.AppStore|Any CPU.ActiveCfg = Release|Any CPU
		{5AF915FF-08B6-48B7-AAE4-57CA10CBC487}.AppStore|Any CPU.Build.0 = Release|Any CPU
		{5AF915FF-08B6-48B7-AAE4-57CA10CBC487}.AppStore|Any CPU.Deploy.0 = Release|Any CPU
		{5AF915FF-08B6-48B7-AAE4-57CA10CBC487}.AppStore|iPhone.ActiveCfg = Release|Any CPU
		{5AF915FF-08B6-48B7-AAE4-57CA10CBC487}.AppStore|iPhone.Build.0 = Release|Any CPU
		{5AF915FF-08B6-48B7-AAE4-57CA10CBC487}.AppStore|iPhone.Deploy.0 = Release|Any CPU
		{5AF915FF-08B6-48B7-AAE4-57CA10CBC487}.AppStore|iPhoneSimulator.ActiveCfg = Release|Any CPU
		{5AF915FF-08B6-48B7-AAE4-57CA10CBC487}.AppStore|iPhoneSimulator.Build.0 = Release|Any CPU
		{5AF915FF-08B6-48B7-AAE4-57CA10CBC487}.AppStore|iPhoneSimulator.Deploy.0 = Release|Any CPU
		{5AF915FF-08B6-48B7-AAE4-57CA10CBC487}.Debug|Any CPU.ActiveCfg = Debug|Any CPU
		{5AF915FF-08B6-48B7-AAE4-57CA10CBC487}.Debug|Any CPU.Build.0 = Debug|Any CPU
		{5AF915FF-08B6-48B7-AAE4-57CA10CBC487}.Debug|Any CPU.Deploy.0 = Debug|Any CPU
		{5AF915FF-08B6-48B7-AAE4-57CA10CBC487}.Debug|iPhone.ActiveCfg = Debug|Any CPU
		{5AF915FF-08B6-48B7-AAE4-57CA10CBC487}.Debug|iPhone.Build.0 = Debug|Any CPU
		{5AF915FF-08B6-48B7-AAE4-57CA10CBC487}.Debug|iPhone.Deploy.0 = Debug|Any CPU
		{5AF915FF-08B6-48B7-AAE4-57CA10CBC487}.Debug|iPhoneSimulator.ActiveCfg = Debug|Any CPU
		{5AF915FF-08B6-48B7-AAE4-57CA10CBC487}.Debug|iPhoneSimulator.Build.0 = Debug|Any CPU
		{5AF915FF-08B6-48B7-AAE4-57CA10CBC487}.Debug|iPhoneSimulator.Deploy.0 = Debug|Any CPU
		{5AF915FF-08B6-48B7-AAE4-57CA10CBC487}.Release|Any CPU.ActiveCfg = Release|Any CPU
		{5AF915FF-08B6-48B7-AAE4-57CA10CBC487}.Release|Any CPU.Build.0 = Release|Any CPU
		{5AF915FF-08B6-48B7-AAE4-57CA10CBC487}.Release|Any CPU.Deploy.0 = Release|Any CPU
		{5AF915FF-08B6-48B7-AAE4-57CA10CBC487}.Release|iPhone.ActiveCfg = Release|Any CPU
		{5AF915FF-08B6-48B7-AAE4-57CA10CBC487}.Release|iPhone.Build.0 = Release|Any CPU
		{5AF915FF-08B6-48B7-AAE4-57CA10CBC487}.Release|iPhone.Deploy.0 = Release|Any CPU
		{5AF915FF-08B6-48B7-AAE4-57CA10CBC487}.Release|iPhoneSimulator.ActiveCfg = Release|Any CPU
		{5AF915FF-08B6-48B7-AAE4-57CA10CBC487}.Release|iPhoneSimulator.Build.0 = Release|Any CPU
		{5AF915FF-08B6-48B7-AAE4-57CA10CBC487}.Release|iPhoneSimulator.Deploy.0 = Release|Any CPU
		{C318B8B7-5E80-4248-8B00-87A8EBFBCE99}.Ad-Hoc|Any CPU.ActiveCfg = Ad-Hoc|iPhone
		{C318B8B7-5E80-4248-8B00-87A8EBFBCE99}.Ad-Hoc|Any CPU.Build.0 = Ad-Hoc|iPhone
		{C318B8B7-5E80-4248-8B00-87A8EBFBCE99}.Ad-Hoc|Any CPU.Deploy.0 = Ad-Hoc|iPhone
		{C318B8B7-5E80-4248-8B00-87A8EBFBCE99}.Ad-Hoc|iPhone.ActiveCfg = Ad-Hoc|iPhone
		{C318B8B7-5E80-4248-8B00-87A8EBFBCE99}.Ad-Hoc|iPhone.Build.0 = Ad-Hoc|iPhone
		{C318B8B7-5E80-4248-8B00-87A8EBFBCE99}.Ad-Hoc|iPhone.Deploy.0 = Ad-Hoc|iPhone
		{C318B8B7-5E80-4248-8B00-87A8EBFBCE99}.Ad-Hoc|iPhoneSimulator.ActiveCfg = Ad-Hoc|iPhoneSimulator
		{C318B8B7-5E80-4248-8B00-87A8EBFBCE99}.Ad-Hoc|iPhoneSimulator.Build.0 = Ad-Hoc|iPhoneSimulator
		{C318B8B7-5E80-4248-8B00-87A8EBFBCE99}.Ad-Hoc|iPhoneSimulator.Deploy.0 = Ad-Hoc|iPhoneSimulator
		{C318B8B7-5E80-4248-8B00-87A8EBFBCE99}.AppStore|Any CPU.ActiveCfg = AppStore|iPhone
		{C318B8B7-5E80-4248-8B00-87A8EBFBCE99}.AppStore|Any CPU.Build.0 = AppStore|iPhone
		{C318B8B7-5E80-4248-8B00-87A8EBFBCE99}.AppStore|Any CPU.Deploy.0 = AppStore|iPhone
		{C318B8B7-5E80-4248-8B00-87A8EBFBCE99}.AppStore|iPhone.ActiveCfg = AppStore|iPhone
		{C318B8B7-5E80-4248-8B00-87A8EBFBCE99}.AppStore|iPhone.Build.0 = AppStore|iPhone
		{C318B8B7-5E80-4248-8B00-87A8EBFBCE99}.AppStore|iPhone.Deploy.0 = AppStore|iPhone
		{C318B8B7-5E80-4248-8B00-87A8EBFBCE99}.AppStore|iPhoneSimulator.ActiveCfg = AppStore|iPhoneSimulator
		{C318B8B7-5E80-4248-8B00-87A8EBFBCE99}.AppStore|iPhoneSimulator.Build.0 = AppStore|iPhoneSimulator
		{C318B8B7-5E80-4248-8B00-87A8EBFBCE99}.AppStore|iPhoneSimulator.Deploy.0 = AppStore|iPhoneSimulator
		{C318B8B7-5E80-4248-8B00-87A8EBFBCE99}.Debug|Any CPU.ActiveCfg = Debug|iPhoneSimulator
		{C318B8B7-5E80-4248-8B00-87A8EBFBCE99}.Debug|Any CPU.Build.0 = Debug|iPhoneSimulator
		{C318B8B7-5E80-4248-8B00-87A8EBFBCE99}.Debug|Any CPU.Deploy.0 = Debug|iPhoneSimulator
		{C318B8B7-5E80-4248-8B00-87A8EBFBCE99}.Debug|iPhone.ActiveCfg = Debug|iPhone
		{C318B8B7-5E80-4248-8B00-87A8EBFBCE99}.Debug|iPhone.Build.0 = Debug|iPhone
		{C318B8B7-5E80-4248-8B00-87A8EBFBCE99}.Debug|iPhone.Deploy.0 = Debug|iPhone
		{C318B8B7-5E80-4248-8B00-87A8EBFBCE99}.Debug|iPhoneSimulator.ActiveCfg = Debug|iPhoneSimulator
		{C318B8B7-5E80-4248-8B00-87A8EBFBCE99}.Debug|iPhoneSimulator.Build.0 = Debug|iPhoneSimulator
		{C318B8B7-5E80-4248-8B00-87A8EBFBCE99}.Debug|iPhoneSimulator.Deploy.0 = Debug|iPhoneSimulator
		{C318B8B7-5E80-4248-8B00-87A8EBFBCE99}.Release|Any CPU.ActiveCfg = Release|iPhone
		{C318B8B7-5E80-4248-8B00-87A8EBFBCE99}.Release|Any CPU.Build.0 = Release|iPhone
		{C318B8B7-5E80-4248-8B00-87A8EBFBCE99}.Release|Any CPU.Deploy.0 = Release|iPhone
		{C318B8B7-5E80-4248-8B00-87A8EBFBCE99}.Release|iPhone.ActiveCfg = Release|iPhone
		{C318B8B7-5E80-4248-8B00-87A8EBFBCE99}.Release|iPhone.Build.0 = Release|iPhone
		{C318B8B7-5E80-4248-8B00-87A8EBFBCE99}.Release|iPhone.Deploy.0 = Release|iPhone
		{C318B8B7-5E80-4248-8B00-87A8EBFBCE99}.Release|iPhoneSimulator.ActiveCfg = Release|iPhoneSimulator
		{C318B8B7-5E80-4248-8B00-87A8EBFBCE99}.Release|iPhoneSimulator.Build.0 = Release|iPhoneSimulator
		{C318B8B7-5E80-4248-8B00-87A8EBFBCE99}.Release|iPhoneSimulator.Deploy.0 = Release|iPhoneSimulator
		{D162E31C-D794-44B7-A718-C5BA2D4EB141}.Ad-Hoc|Any CPU.ActiveCfg = Debug|Any CPU
		{D162E31C-D794-44B7-A718-C5BA2D4EB141}.Ad-Hoc|Any CPU.Build.0 = Debug|Any CPU
		{D162E31C-D794-44B7-A718-C5BA2D4EB141}.Ad-Hoc|Any CPU.Deploy.0 = Debug|Any CPU
		{D162E31C-D794-44B7-A718-C5BA2D4EB141}.Ad-Hoc|iPhone.ActiveCfg = Debug|Any CPU
		{D162E31C-D794-44B7-A718-C5BA2D4EB141}.Ad-Hoc|iPhone.Build.0 = Debug|Any CPU
		{D162E31C-D794-44B7-A718-C5BA2D4EB141}.Ad-Hoc|iPhone.Deploy.0 = Debug|Any CPU
		{D162E31C-D794-44B7-A718-C5BA2D4EB141}.Ad-Hoc|iPhoneSimulator.ActiveCfg = Debug|Any CPU
		{D162E31C-D794-44B7-A718-C5BA2D4EB141}.Ad-Hoc|iPhoneSimulator.Build.0 = Debug|Any CPU
		{D162E31C-D794-44B7-A718-C5BA2D4EB141}.Ad-Hoc|iPhoneSimulator.Deploy.0 = Debug|Any CPU
		{D162E31C-D794-44B7-A718-C5BA2D4EB141}.AppStore|Any CPU.ActiveCfg = Debug|Any CPU
		{D162E31C-D794-44B7-A718-C5BA2D4EB141}.AppStore|Any CPU.Build.0 = Debug|Any CPU
		{D162E31C-D794-44B7-A718-C5BA2D4EB141}.AppStore|Any CPU.Deploy.0 = Debug|Any CPU
		{D162E31C-D794-44B7-A718-C5BA2D4EB141}.AppStore|iPhone.ActiveCfg = Debug|Any CPU
		{D162E31C-D794-44B7-A718-C5BA2D4EB141}.AppStore|iPhone.Build.0 = Debug|Any CPU
		{D162E31C-D794-44B7-A718-C5BA2D4EB141}.AppStore|iPhone.Deploy.0 = Debug|Any CPU
		{D162E31C-D794-44B7-A718-C5BA2D4EB141}.AppStore|iPhoneSimulator.ActiveCfg = Debug|Any CPU
		{D162E31C-D794-44B7-A718-C5BA2D4EB141}.AppStore|iPhoneSimulator.Build.0 = Debug|Any CPU
		{D162E31C-D794-44B7-A718-C5BA2D4EB141}.AppStore|iPhoneSimulator.Deploy.0 = Debug|Any CPU
		{D162E31C-D794-44B7-A718-C5BA2D4EB141}.Debug|Any CPU.ActiveCfg = Debug|Any CPU
		{D162E31C-D794-44B7-A718-C5BA2D4EB141}.Debug|Any CPU.Build.0 = Debug|Any CPU
		{D162E31C-D794-44B7-A718-C5BA2D4EB141}.Debug|Any CPU.Deploy.0 = Debug|Any CPU
		{D162E31C-D794-44B7-A718-C5BA2D4EB141}.Debug|iPhone.ActiveCfg = Debug|Any CPU
		{D162E31C-D794-44B7-A718-C5BA2D4EB141}.Debug|iPhone.Build.0 = Debug|Any CPU
		{D162E31C-D794-44B7-A718-C5BA2D4EB141}.Debug|iPhone.Deploy.0 = Debug|Any CPU
		{D162E31C-D794-44B7-A718-C5BA2D4EB141}.Debug|iPhoneSimulator.ActiveCfg = Debug|Any CPU
		{D162E31C-D794-44B7-A718-C5BA2D4EB141}.Debug|iPhoneSimulator.Build.0 = Debug|Any CPU
		{D162E31C-D794-44B7-A718-C5BA2D4EB141}.Debug|iPhoneSimulator.Deploy.0 = Debug|Any CPU
		{D162E31C-D794-44B7-A718-C5BA2D4EB141}.Release|Any CPU.ActiveCfg = Release|Any CPU
		{D162E31C-D794-44B7-A718-C5BA2D4EB141}.Release|Any CPU.Build.0 = Release|Any CPU
		{D162E31C-D794-44B7-A718-C5BA2D4EB141}.Release|Any CPU.Deploy.0 = Release|Any CPU
		{D162E31C-D794-44B7-A718-C5BA2D4EB141}.Release|iPhone.ActiveCfg = Release|Any CPU
		{D162E31C-D794-44B7-A718-C5BA2D4EB141}.Release|iPhone.Build.0 = Release|Any CPU
		{D162E31C-D794-44B7-A718-C5BA2D4EB141}.Release|iPhone.Deploy.0 = Release|Any CPU
		{D162E31C-D794-44B7-A718-C5BA2D4EB141}.Release|iPhoneSimulator.ActiveCfg = Release|Any CPU
		{D162E31C-D794-44B7-A718-C5BA2D4EB141}.Release|iPhoneSimulator.Build.0 = Release|Any CPU
		{D162E31C-D794-44B7-A718-C5BA2D4EB141}.Release|iPhoneSimulator.Deploy.0 = Release|Any CPU
	EndGlobalSection
	GlobalSection(SolutionProperties) = preSolution
		HideSolutionNode = FALSE
	EndGlobalSection
	GlobalSection(ExtensibilityGlobals) = postSolution
		SolutionGuid = {2A98DDE8-CCE4-4BBD-B10B-7369E28DC690}
	EndGlobalSection
EndGlobal
